{
  "lockfileVersion": 1,
  "workspaces": {
    "": {
      "name": "fhirpath-server",
      "dependencies": {
        "@atomic-ehr/fhirpath": "0.0.3-canary.4ee6618.20250926085031",
      },
      "devDependencies": {
        "@types/bun": "latest",
      },
      "peerDependencies": {
        "typescript": "^5",
      },
    },
  },
  "packages": {
    "@atomic-ehr/fhir-canonical-manager": ["@atomic-ehr/fhir-canonical-manager@0.0.11", "", { "peerDependencies": { "typescript": "^5" }, "bin": { "fcm": "dist/cli/index.js" } }, "sha512-BaAYcvHJWQ3uvWr77lZ20XWZ3EtxEbuEhPPpiwlpEWwrCUAnx+xYf4BZicIE7tHe3uBG5uP1XLk6ZQ30edLf5A=="],

    "@atomic-ehr/fhirpath": ["@atomic-ehr/fhirpath@0.0.3-canary.4ee6618.20250926085031", "", { "dependencies": { "@atomic-ehr/fhir-canonical-manager": "^0.0.11", "@atomic-ehr/fhirschema": "^0.0.2", "@atomic-ehr/ucum": "^0.2.5", "fast-xml-parser": "^5.2.5" }, "peerDependencies": { "typescript": "^5" } }, "sha512-2CNfBOKBmTkRRSgr1kmgIrzgOu6O8pgzSn1WwEgm5YHLIBwUl1NrF8pQYvpHXCb+KCrML6Cy7jekkv7fH2MHkA=="],

    "@atomic-ehr/fhirschema": ["@atomic-ehr/fhirschema@0.0.2", "", { "peerDependencies": { "typescript": "^5" } }, "sha512-OA4CVjTUEdw43Efg5I5rj95je4GC3lRiLM/kUqadcK3Po24vnINUsB8YdOP/F3ffdUYKQcJ+z09sWQVeAC2z/A=="],

    "@atomic-ehr/ucum": ["@atomic-ehr/ucum@0.2.5", "", { "peerDependencies": { "typescript": "^5" } }, "sha512-AJG6RiSubIzQ1zcJosDQOJ8hXZVIWff09q8JN9Yvsi+1npPeRCLAREOOR16SNJLaGzXEDtYc8N8jhEWRA3BtXA=="],

    "@types/bun": ["@types/bun@1.2.22", "", { "dependencies": { "bun-types": "1.2.22" } }, "sha512-5A/KrKos2ZcN0c6ljRSOa1fYIyCKhZfIVYeuyb4snnvomnpFqC0tTsEkdqNxbAgExV384OETQ//WAjl3XbYqQA=="],

    "@types/node": ["@types/node@24.5.2", "", { "dependencies": { "undici-types": "~7.12.0" } }, "sha512-FYxk1I7wPv3K2XBaoyH2cTnocQEu8AOZ60hPbsyukMPLv5/5qr7V1i8PLHdl6Zf87I+xZXFvPCXYjiTFq+YSDQ=="],

    "@types/react": ["@types/react@19.1.13", "", { "dependencies": { "csstype": "^3.0.2" } }, "sha512-hHkbU/eoO3EG5/MZkuFSKmYqPbSVk5byPFa3e7y/8TybHiLMACgI8seVYlicwk7H5K/rI2px9xrQp/C+AUDTiQ=="],

    "bun-types": ["bun-types@1.2.22", "", { "dependencies": { "@types/node": "*" }, "peerDependencies": { "@types/react": "^19" } }, "sha512-hwaAu8tct/Zn6Zft4U9BsZcXkYomzpHJX28ofvx7k0Zz2HNz54n1n+tDgxoWFGB4PcFvJXJQloPhaV2eP3Q6EA=="],

    "csstype": ["csstype@3.1.3", "", {}, "sha512-M1uQkMl8rQK/szD0LNhtqxIPLpimGm8sOBwU7lLnCpSbTyY3yeU1Vc7l4KT5zT4s/yOxHH5O7tIuuLOCnLADRw=="],

    "fast-xml-parser": ["fast-xml-parser@5.2.5", "", { "dependencies": { "strnum": "^2.1.0" }, "bin": { "fxparser": "src/cli/cli.js" } }, "sha512-pfX9uG9Ki0yekDHx2SiuRIyFdyAr1kMIMitPvb0YBo8SUfKvia7w7FIyd/l6av85pFYRhZscS75MwMnbvY+hcQ=="],

    "strnum": ["strnum@2.1.1", "", {}, "sha512-7ZvoFTiCnGxBtDqJ//Cu6fWtZtc7Y3x+QOirG15wztbdngGSkht27o2pyGWrVy0b4WAy3jbKmnoK6g5VlVNUUw=="],

    "typescript": ["typescript@5.9.2", "", { "bin": { "tsc": "bin/tsc", "tsserver": "bin/tsserver" } }, "sha512-CWBzXQrc/qOkhidw1OzBTQuYRbfyxDXJMVJ1XNwUHGROVmuaeiEm3OslpZ1RV96d7SKKjZKrSJu3+t/xlw3R9A=="],

    "undici-types": ["undici-types@7.12.0", "", {}, "sha512-goOacqME2GYyOZZfb5Lgtu+1IDmAlAEu5xnD3+xTzS10hT0vzpf0SPjkXwAw9Jm+4n/mQGDP3LO8CPbYROeBfQ=="],
  }
}
